
Microsoft Visual Studio Solution File, Format Version 12.00
# Visual Studio Version 16
VisualStudioVersion = 16.0.30114.105
MinimumVisualStudioVersion = 10.0.40219.1
Project("{FAE04EC0-301F-11D3-BF4B-00C04F79EFBC}") = "Tablice", "Tablice\Tablice.csproj", "{AA98D640-8206-4549-9784-4366927CFA55}"
EndProject
Project("{FAE04EC0-301F-11D3-BF4B-00C04F79EFBC}") = "StrukturyLinkowane", "StrukturyLinkowane\StrukturyLinkowane.csproj", "{6D3E9AB2-F455-4841-AAD2-BADF6C3912D6}"
EndProject
Global
	GlobalSection(SolutionConfigurationPlatforms) = preSolution
		Debug|Any CPU = Debug|Any CPU
		Release|Any CPU = Release|Any CPU
	EndGlobalSection
	GlobalSection(ProjectConfigurationPlatforms) = postSolution
		{AA98D640-8206-4549-9784-4366927CFA55}.Debug|Any CPU.ActiveCfg = Debug|Any CPU
		{AA98D640-8206-4549-9784-4366927CFA55}.Debug|Any CPU.Build.0 = Debug|Any CPU
		{AA98D640-8206-4549-9784-4366927CFA55}.Release|Any CPU.ActiveCfg = Release|Any CPU
		{AA98D640-8206-4549-9784-4366927CFA55}.Release|Any CPU.Build.0 = Release|Any CPU
		{6D3E9AB2-F455-4841-AAD2-BADF6C3912D6}.Debug|Any CPU.ActiveCfg = Debug|Any CPU
		{6D3E9AB2-F455-4841-AAD2-BADF6C3912D6}.Debug|Any CPU.Build.0 = Debug|Any CPU
		{6D3E9AB2-F455-4841-AAD2-BADF6C3912D6}.Release|Any CPU.ActiveCfg = Release|Any CPU
		{6D3E9AB2-F455-4841-AAD2-BADF6C3912D6}.Release|Any CPU.Build.0 = Release|Any CPU
	EndGlobalSection
	GlobalSection(SolutionProperties) = preSolution
		HideSolutionNode = FALSE
	EndGlobalSection
	GlobalSection(ExtensibilityGlobals) = postSolution
		SolutionGuid = {AFFD5E39-C3E3-440F-8FC9-6D619D3A3ED3}
	EndGlobalSection
EndGlobal
